
Microsoft Visual Studio Solution File, Format Version 11.00
# Visual Studio 2010
Project("{FAE04EC0-301F-11D3-BF4B-00C04F79EFBC}") = "XamDockManagerPrismRegionAdapter", "XamDockManagerPrismRegionAdapter\XamDockManagerPrismRegionAdapter.csproj", "{711F9503-01ED-475E-B2B4-458E8EF907A2}"
EndProject
Project("{FAE04EC0-301F-11D3-BF4B-00C04F79EFBC}") = "ModuleA", "ModuleA\ModuleA.csproj", "{4E97017C-B96A-4F14-83B7-BF5020BB6DB2}"
EndProject
Project("{FAE04EC0-301F-11D3-BF4B-00C04F79EFBC}") = "Infrastructure", "Infrastructure\Infrastructure.csproj", "{224D5184-CAB9-4463-8220-4897D3A5CFDC}"
EndProject
Global
	GlobalSection(SolutionConfigurationPlatforms) = preSolution
		Debug|Any CPU = Debug|Any CPU
		Debug|Mixed Platforms = Debug|Mixed Platforms
		Debug|x86 = Debug|x86
		Release|Any CPU = Release|Any CPU
		Release|Mixed Platforms = Release|Mixed Platforms
		Release|x86 = Release|x86
	EndGlobalSection
	GlobalSection(ProjectConfigurationPlatforms) = postSolution
		{711F9503-01ED-475E-B2B4-458E8EF907A2}.Debug|Any CPU.ActiveCfg = Debug|x86
		{711F9503-01ED-475E-B2B4-458E8EF907A2}.Debug|Mixed Platforms.ActiveCfg = Debug|x86
		{711F9503-01ED-475E-B2B4-458E8EF907A2}.Debug|Mixed Platforms.Build.0 = Debug|x86
		{711F9503-01ED-475E-B2B4-458E8EF907A2}.Debug|x86.ActiveCfg = Debug|x86
		{711F9503-01ED-475E-B2B4-458E8EF907A2}.Debug|x86.Build.0 = Debug|x86
		{711F9503-01ED-475E-B2B4-458E8EF907A2}.Release|Any CPU.ActiveCfg = Release|x86
		{711F9503-01ED-475E-B2B4-458E8EF907A2}.Release|Mixed Platforms.ActiveCfg = Release|x86
		{711F9503-01ED-475E-B2B4-458E8EF907A2}.Release|Mixed Platforms.Build.0 = Release|x86
		{711F9503-01ED-475E-B2B4-458E8EF907A2}.Release|x86.ActiveCfg = Release|x86
		{711F9503-01ED-475E-B2B4-458E8EF907A2}.Release|x86.Build.0 = Release|x86
		{4E97017C-B96A-4F14-83B7-BF5020BB6DB2}.Debug|Any CPU.ActiveCfg = Debug|x86
		{4E97017C-B96A-4F14-83B7-BF5020BB6DB2}.Debug|Mixed Platforms.ActiveCfg = Debug|x86
		{4E97017C-B96A-4F14-83B7-BF5020BB6DB2}.Debug|Mixed Platforms.Build.0 = Debug|x86
		{4E97017C-B96A-4F14-83B7-BF5020BB6DB2}.Debug|x86.ActiveCfg = Debug|x86
		{4E97017C-B96A-4F14-83B7-BF5020BB6DB2}.Debug|x86.Build.0 = Debug|x86
		{4E97017C-B96A-4F14-83B7-BF5020BB6DB2}.Release|Any CPU.ActiveCfg = Release|x86
		{4E97017C-B96A-4F14-83B7-BF5020BB6DB2}.Release|Mixed Platforms.ActiveCfg = Release|x86
		{4E97017C-B96A-4F14-83B7-BF5020BB6DB2}.Release|Mixed Platforms.Build.0 = Release|x86
		{4E97017C-B96A-4F14-83B7-BF5020BB6DB2}.Release|x86.ActiveCfg = Release|x86
		{4E97017C-B96A-4F14-83B7-BF5020BB6DB2}.Release|x86.Build.0 = Release|x86
		{224D5184-CAB9-4463-8220-4897D3A5CFDC}.Debug|Any CPU.ActiveCfg = Debug|Any CPU
		{224D5184-CAB9-4463-8220-4897D3A5CFDC}.Debug|Any CPU.Build.0 = Debug|Any CPU
		{224D5184-CAB9-4463-8220-4897D3A5CFDC}.Debug|Mixed Platforms.ActiveCfg = Debug|Any CPU
		{224D5184-CAB9-4463-8220-4897D3A5CFDC}.Debug|Mixed Platforms.Build.0 = Debug|Any CPU
		{224D5184-CAB9-4463-8220-4897D3A5CFDC}.Debug|x86.ActiveCfg = Debug|Any CPU
		{224D5184-CAB9-4463-8220-4897D3A5CFDC}.Release|Any CPU.ActiveCfg = Release|Any CPU
		{224D5184-CAB9-4463-8220-4897D3A5CFDC}.Release|Any CPU.Build.0 = Release|Any CPU
		{224D5184-CAB9-4463-8220-4897D3A5CFDC}.Release|Mixed Platforms.ActiveCfg = Release|Any CPU
		{224D5184-CAB9-4463-8220-4897D3A5CFDC}.Release|Mixed Platforms.Build.0 = Release|Any CPU
		{224D5184-CAB9-4463-8220-4897D3A5CFDC}.Release|x86.ActiveCfg = Release|Any CPU
	EndGlobalSection
	GlobalSection(SolutionProperties) = preSolution
		HideSolutionNode = FALSE
	EndGlobalSection
EndGlobal
